
Microsoft Visual Studio Solution File, Format Version 12.00
# Visual Studio Version 17
VisualStudioVersion = 17.0.31903.59
MinimumVisualStudioVersion = 10.0.40219.1
Project("{9A19103F-16F7-4668-BE54-9A1E7A4F7556}") = "Biflow.Ui", "Biflow.Ui\Biflow.Ui.csproj", "{FAFD2F30-269B-4126-B4AF-D21A644B7F4F}"
EndProject
Project("{9A19103F-16F7-4668-BE54-9A1E7A4F7556}") = "Biflow.Core", "Biflow.Core\Biflow.Core.csproj", "{13141E3A-9808-4021-94CC-BFEA654F40CF}"
EndProject
Project("{9A19103F-16F7-4668-BE54-9A1E7A4F7556}") = "Biflow.DataAccess", "Biflow.DataAccess\Biflow.DataAccess.csproj", "{9A95C606-26A8-4818-83EA-AF8ABAAD0CD7}"
EndProject
Project("{9A19103F-16F7-4668-BE54-9A1E7A4F7556}") = "Biflow.Scheduler.Core", "Biflow.Scheduler.Core\Biflow.Scheduler.Core.csproj", "{549C16EB-B840-4E05-B55C-0CCE596904D3}"
EndProject
Project("{9A19103F-16F7-4668-BE54-9A1E7A4F7556}") = "Biflow.Scheduler.WebApp", "Biflow.Scheduler.WebApp\Biflow.Scheduler.WebApp.csproj", "{E48ADBA2-2F7D-4458-94D7-2A7B1F24253B}"
EndProject
Project("{9A19103F-16F7-4668-BE54-9A1E7A4F7556}") = "Biflow.Executor.Core", "Biflow.Executor.Core\Biflow.Executor.Core.csproj", "{EFBFBF8C-A49A-43CE-A2D5-16445EF58815}"
EndProject
Project("{9A19103F-16F7-4668-BE54-9A1E7A4F7556}") = "Biflow.Executor.WebApp", "Biflow.Executor.WebApp\Biflow.Executor.WebApp.csproj", "{9C8F07DB-EFE6-4FE5-B99B-73F0842AA130}"
EndProject
Project("{9A19103F-16F7-4668-BE54-9A1E7A4F7556}") = "Biflow.Scheduler.WebApp.Test", "Biflow.Scheduler.WebApp.Test\Biflow.Scheduler.WebApp.Test.csproj", "{C69F49E1-3F65-4F2F-A4A1-694B27AA08A6}"
EndProject
Project("{9A19103F-16F7-4668-BE54-9A1E7A4F7556}") = "Biflow.Ui.Core", "Biflow.Ui.Core\Biflow.Ui.Core.csproj", "{44C8A845-672D-4E1D-8C43-C98495CA1003}"
EndProject
Project("{9A19103F-16F7-4668-BE54-9A1E7A4F7556}") = "Biflow.Ui.SourceGeneration", "Biflow.Ui.SourceGeneration\Biflow.Ui.SourceGeneration.csproj", "{23CB580C-5129-4654-B544-1FF077A45CF6}"
EndProject
Project("{9A19103F-16F7-4668-BE54-9A1E7A4F7556}") = "Biflow.Ui.Components", "Biflow.Ui.Components\Biflow.Ui.Components.csproj", "{6E69A58C-B8DE-43CF-8E01-FCADF040F5DF}"
EndProject
Project("{9A19103F-16F7-4668-BE54-9A1E7A4F7556}") = "Biflow.DataAccess.Test", "Biflow.DataAccess.Test\Biflow.DataAccess.Test.csproj", "{0A3EF0A6-145B-4807-AC0A-498496B431AB}"
EndProject
Project("{9A19103F-16F7-4668-BE54-9A1E7A4F7556}") = "Biflow.Core.Test", "Biflow.Core.Test\Biflow.Core.Test.csproj", "{F9C8BF49-25F9-4D6C-AE34-78276A8D1507}"
EndProject
Project("{FAE04EC0-301F-11D3-BF4B-00C04F79EFBC}") = "Biflow.Ui.TableEditor", "Biflow.Ui.TableEditor\Biflow.Ui.TableEditor.csproj", "{0809CD5F-F935-41A1-B5E5-7F1216CFB8BC}"
EndProject
Project("{FAE04EC0-301F-11D3-BF4B-00C04F79EFBC}") = "Biflow.Ui.SqlServer", "Biflow.Ui.SqlServer\Biflow.Ui.SqlServer.csproj", "{E1F815B5-C69C-46E0-AC4E-C0949D78EBE9}"
EndProject
Global
	GlobalSection(SolutionConfigurationPlatforms) = preSolution
		Debug|Any CPU = Debug|Any CPU
		Release|Any CPU = Release|Any CPU
	EndGlobalSection
	GlobalSection(ProjectConfigurationPlatforms) = postSolution
		{FAFD2F30-269B-4126-B4AF-D21A644B7F4F}.Debug|Any CPU.ActiveCfg = Debug|Any CPU
		{FAFD2F30-269B-4126-B4AF-D21A644B7F4F}.Debug|Any CPU.Build.0 = Debug|Any CPU
		{FAFD2F30-269B-4126-B4AF-D21A644B7F4F}.Release|Any CPU.ActiveCfg = Release|Any CPU
		{FAFD2F30-269B-4126-B4AF-D21A644B7F4F}.Release|Any CPU.Build.0 = Release|Any CPU
		{13141E3A-9808-4021-94CC-BFEA654F40CF}.Debug|Any CPU.ActiveCfg = Debug|Any CPU
		{13141E3A-9808-4021-94CC-BFEA654F40CF}.Debug|Any CPU.Build.0 = Debug|Any CPU
		{13141E3A-9808-4021-94CC-BFEA654F40CF}.Release|Any CPU.ActiveCfg = Release|Any CPU
		{13141E3A-9808-4021-94CC-BFEA654F40CF}.Release|Any CPU.Build.0 = Release|Any CPU
		{9A95C606-26A8-4818-83EA-AF8ABAAD0CD7}.Debug|Any CPU.ActiveCfg = Debug|Any CPU
		{9A95C606-26A8-4818-83EA-AF8ABAAD0CD7}.Debug|Any CPU.Build.0 = Debug|Any CPU
		{9A95C606-26A8-4818-83EA-AF8ABAAD0CD7}.Release|Any CPU.ActiveCfg = Release|Any CPU
		{9A95C606-26A8-4818-83EA-AF8ABAAD0CD7}.Release|Any CPU.Build.0 = Release|Any CPU
		{549C16EB-B840-4E05-B55C-0CCE596904D3}.Debug|Any CPU.ActiveCfg = Debug|Any CPU
		{549C16EB-B840-4E05-B55C-0CCE596904D3}.Debug|Any CPU.Build.0 = Debug|Any CPU
		{549C16EB-B840-4E05-B55C-0CCE596904D3}.Release|Any CPU.ActiveCfg = Release|Any CPU
		{549C16EB-B840-4E05-B55C-0CCE596904D3}.Release|Any CPU.Build.0 = Release|Any CPU
		{E48ADBA2-2F7D-4458-94D7-2A7B1F24253B}.Debug|Any CPU.ActiveCfg = Debug|Any CPU
		{E48ADBA2-2F7D-4458-94D7-2A7B1F24253B}.Debug|Any CPU.Build.0 = Debug|Any CPU
		{E48ADBA2-2F7D-4458-94D7-2A7B1F24253B}.Release|Any CPU.ActiveCfg = Release|Any CPU
		{E48ADBA2-2F7D-4458-94D7-2A7B1F24253B}.Release|Any CPU.Build.0 = Release|Any CPU
		{EFBFBF8C-A49A-43CE-A2D5-16445EF58815}.Debug|Any CPU.ActiveCfg = Debug|Any CPU
		{EFBFBF8C-A49A-43CE-A2D5-16445EF58815}.Debug|Any CPU.Build.0 = Debug|Any CPU
		{EFBFBF8C-A49A-43CE-A2D5-16445EF58815}.Release|Any CPU.ActiveCfg = Release|Any CPU
		{EFBFBF8C-A49A-43CE-A2D5-16445EF58815}.Release|Any CPU.Build.0 = Release|Any CPU
		{9C8F07DB-EFE6-4FE5-B99B-73F0842AA130}.Debug|Any CPU.ActiveCfg = Debug|Any CPU
		{9C8F07DB-EFE6-4FE5-B99B-73F0842AA130}.Debug|Any CPU.Build.0 = Debug|Any CPU
		{9C8F07DB-EFE6-4FE5-B99B-73F0842AA130}.Release|Any CPU.ActiveCfg = Release|Any CPU
		{9C8F07DB-EFE6-4FE5-B99B-73F0842AA130}.Release|Any CPU.Build.0 = Release|Any CPU
		{C69F49E1-3F65-4F2F-A4A1-694B27AA08A6}.Debug|Any CPU.ActiveCfg = Debug|Any CPU
		{C69F49E1-3F65-4F2F-A4A1-694B27AA08A6}.Debug|Any CPU.Build.0 = Debug|Any CPU
		{C69F49E1-3F65-4F2F-A4A1-694B27AA08A6}.Release|Any CPU.ActiveCfg = Release|Any CPU
		{C69F49E1-3F65-4F2F-A4A1-694B27AA08A6}.Release|Any CPU.Build.0 = Release|Any CPU
		{44C8A845-672D-4E1D-8C43-C98495CA1003}.Debug|Any CPU.ActiveCfg = Debug|Any CPU
		{44C8A845-672D-4E1D-8C43-C98495CA1003}.Debug|Any CPU.Build.0 = Debug|Any CPU
		{44C8A845-672D-4E1D-8C43-C98495CA1003}.Release|Any CPU.ActiveCfg = Release|Any CPU
		{44C8A845-672D-4E1D-8C43-C98495CA1003}.Release|Any CPU.Build.0 = Release|Any CPU
		{23CB580C-5129-4654-B544-1FF077A45CF6}.Debug|Any CPU.ActiveCfg = Debug|Any CPU
		{23CB580C-5129-4654-B544-1FF077A45CF6}.Debug|Any CPU.Build.0 = Debug|Any CPU
		{23CB580C-5129-4654-B544-1FF077A45CF6}.Release|Any CPU.ActiveCfg = Release|Any CPU
		{23CB580C-5129-4654-B544-1FF077A45CF6}.Release|Any CPU.Build.0 = Release|Any CPU
		{6E69A58C-B8DE-43CF-8E01-FCADF040F5DF}.Debug|Any CPU.ActiveCfg = Debug|Any CPU
		{6E69A58C-B8DE-43CF-8E01-FCADF040F5DF}.Debug|Any CPU.Build.0 = Debug|Any CPU
		{6E69A58C-B8DE-43CF-8E01-FCADF040F5DF}.Release|Any CPU.ActiveCfg = Release|Any CPU
		{6E69A58C-B8DE-43CF-8E01-FCADF040F5DF}.Release|Any CPU.Build.0 = Release|Any CPU
		{0A3EF0A6-145B-4807-AC0A-498496B431AB}.Debug|Any CPU.ActiveCfg = Debug|Any CPU
		{0A3EF0A6-145B-4807-AC0A-498496B431AB}.Debug|Any CPU.Build.0 = Debug|Any CPU
		{0A3EF0A6-145B-4807-AC0A-498496B431AB}.Release|Any CPU.ActiveCfg = Release|Any CPU
		{0A3EF0A6-145B-4807-AC0A-498496B431AB}.Release|Any CPU.Build.0 = Release|Any CPU
		{F9C8BF49-25F9-4D6C-AE34-78276A8D1507}.Debug|Any CPU.ActiveCfg = Debug|Any CPU
		{F9C8BF49-25F9-4D6C-AE34-78276A8D1507}.Debug|Any CPU.Build.0 = Debug|Any CPU
		{F9C8BF49-25F9-4D6C-AE34-78276A8D1507}.Release|Any CPU.ActiveCfg = Release|Any CPU
		{F9C8BF49-25F9-4D6C-AE34-78276A8D1507}.Release|Any CPU.Build.0 = Release|Any CPU
		{0809CD5F-F935-41A1-B5E5-7F1216CFB8BC}.Debug|Any CPU.ActiveCfg = Debug|Any CPU
		{0809CD5F-F935-41A1-B5E5-7F1216CFB8BC}.Debug|Any CPU.Build.0 = Debug|Any CPU
		{0809CD5F-F935-41A1-B5E5-7F1216CFB8BC}.Release|Any CPU.ActiveCfg = Release|Any CPU
		{0809CD5F-F935-41A1-B5E5-7F1216CFB8BC}.Release|Any CPU.Build.0 = Release|Any CPU
		{E1F815B5-C69C-46E0-AC4E-C0949D78EBE9}.Debug|Any CPU.ActiveCfg = Debug|Any CPU
		{E1F815B5-C69C-46E0-AC4E-C0949D78EBE9}.Debug|Any CPU.Build.0 = Debug|Any CPU
		{E1F815B5-C69C-46E0-AC4E-C0949D78EBE9}.Release|Any CPU.ActiveCfg = Release|Any CPU
		{E1F815B5-C69C-46E0-AC4E-C0949D78EBE9}.Release|Any CPU.Build.0 = Release|Any CPU
	EndGlobalSection
	GlobalSection(SolutionProperties) = preSolution
		HideSolutionNode = FALSE
	EndGlobalSection
	GlobalSection(ExtensibilityGlobals) = postSolution
		SolutionGuid = {E64F23BC-F8E0-47CE-9F5F-89F8D91A5516}
	EndGlobalSection
EndGlobal
