
Microsoft Visual Studio Solution File, Format Version 12.00
# Visual Studio Version 16
VisualStudioVersion = 16.0.30002.166
MinimumVisualStudioVersion = 10.0.40219.1
Project("{9A19103F-16F7-4668-BE54-9A1E7A4F7556}") = "EtlManagerExecutor", "EtlManagerExecutor\EtlManagerExecutor.csproj", "{16FAFBFA-D820-45CD-ADC2-6CA5723D3A8D}"
EndProject
Project("{00D1A9C2-B5F0-4AF3-8072-F6C62B433612}") = "EtlManagerDatabase", "EtlManagerDatabase\EtlManagerDatabase.sqlproj", "{BBEEF2AB-D4A8-4601-B1FB-34F1FDF2B526}"
EndProject
Project("{9A19103F-16F7-4668-BE54-9A1E7A4F7556}") = "EtlManagerUi", "EtlManagerUi\EtlManagerUi.csproj", "{FAFD2F30-269B-4126-B4AF-D21A644B7F4F}"
EndProject
Project("{FAE04EC0-301F-11D3-BF4B-00C04F79EFBC}") = "EtlManagerUtils", "EtlManagerUtils\EtlManagerUtils.csproj", "{13141E3A-9808-4021-94CC-BFEA654F40CF}"
EndProject
Global
	GlobalSection(SolutionConfigurationPlatforms) = preSolution
		Debug|Any CPU = Debug|Any CPU
		Release|Any CPU = Release|Any CPU
	EndGlobalSection
	GlobalSection(ProjectConfigurationPlatforms) = postSolution
		{16FAFBFA-D820-45CD-ADC2-6CA5723D3A8D}.Debug|Any CPU.ActiveCfg = Debug|Any CPU
		{16FAFBFA-D820-45CD-ADC2-6CA5723D3A8D}.Debug|Any CPU.Build.0 = Debug|Any CPU
		{16FAFBFA-D820-45CD-ADC2-6CA5723D3A8D}.Release|Any CPU.ActiveCfg = Release|Any CPU
		{16FAFBFA-D820-45CD-ADC2-6CA5723D3A8D}.Release|Any CPU.Build.0 = Release|Any CPU
		{BBEEF2AB-D4A8-4601-B1FB-34F1FDF2B526}.Debug|Any CPU.ActiveCfg = Debug|Any CPU
		{BBEEF2AB-D4A8-4601-B1FB-34F1FDF2B526}.Debug|Any CPU.Build.0 = Debug|Any CPU
		{BBEEF2AB-D4A8-4601-B1FB-34F1FDF2B526}.Debug|Any CPU.Deploy.0 = Debug|Any CPU
		{BBEEF2AB-D4A8-4601-B1FB-34F1FDF2B526}.Release|Any CPU.ActiveCfg = Release|Any CPU
		{BBEEF2AB-D4A8-4601-B1FB-34F1FDF2B526}.Release|Any CPU.Build.0 = Release|Any CPU
		{BBEEF2AB-D4A8-4601-B1FB-34F1FDF2B526}.Release|Any CPU.Deploy.0 = Release|Any CPU
		{FAFD2F30-269B-4126-B4AF-D21A644B7F4F}.Debug|Any CPU.ActiveCfg = Debug|Any CPU
		{FAFD2F30-269B-4126-B4AF-D21A644B7F4F}.Debug|Any CPU.Build.0 = Debug|Any CPU
		{FAFD2F30-269B-4126-B4AF-D21A644B7F4F}.Release|Any CPU.ActiveCfg = Release|Any CPU
		{FAFD2F30-269B-4126-B4AF-D21A644B7F4F}.Release|Any CPU.Build.0 = Release|Any CPU
		{13141E3A-9808-4021-94CC-BFEA654F40CF}.Debug|Any CPU.ActiveCfg = Debug|Any CPU
		{13141E3A-9808-4021-94CC-BFEA654F40CF}.Debug|Any CPU.Build.0 = Debug|Any CPU
		{13141E3A-9808-4021-94CC-BFEA654F40CF}.Release|Any CPU.ActiveCfg = Release|Any CPU
		{13141E3A-9808-4021-94CC-BFEA654F40CF}.Release|Any CPU.Build.0 = Release|Any CPU
	EndGlobalSection
	GlobalSection(SolutionProperties) = preSolution
		HideSolutionNode = FALSE
	EndGlobalSection
	GlobalSection(ExtensibilityGlobals) = postSolution
		SolutionGuid = {E64F23BC-F8E0-47CE-9F5F-89F8D91A5516}
	EndGlobalSection
EndGlobal
