
Microsoft Visual Studio Solution File, Format Version 12.00
# Visual Studio Version 17
VisualStudioVersion = 17.0.31903.59
MinimumVisualStudioVersion = 10.0.40219.1
Project("{9A19103F-16F7-4668-BE54-9A1E7A4F7556}") = "EtlManager.Executor.ConsoleApp", "EtlManager.Executor\EtlManager.Executor.ConsoleApp.csproj", "{16FAFBFA-D820-45CD-ADC2-6CA5723D3A8D}"
EndProject
Project("{00D1A9C2-B5F0-4AF3-8072-F6C62B433612}") = "EtlManager.Database", "EtlManager.Database\EtlManager.Database.sqlproj", "{BBEEF2AB-D4A8-4601-B1FB-34F1FDF2B526}"
EndProject
Project("{9A19103F-16F7-4668-BE54-9A1E7A4F7556}") = "EtlManager.Ui", "EtlManager.Ui\EtlManager.Ui.csproj", "{FAFD2F30-269B-4126-B4AF-D21A644B7F4F}"
EndProject
Project("{9A19103F-16F7-4668-BE54-9A1E7A4F7556}") = "EtlManager.Utilities", "EtlManager.Utilities\EtlManager.Utilities.csproj", "{13141E3A-9808-4021-94CC-BFEA654F40CF}"
EndProject
Project("{9A19103F-16F7-4668-BE54-9A1E7A4F7556}") = "EtlManager.Scheduler.Service", "EtlManager.Scheduler\EtlManager.Scheduler.Service.csproj", "{B7372122-3775-4734-B32F-26552375F53F}"
EndProject
Project("{9A19103F-16F7-4668-BE54-9A1E7A4F7556}") = "EtlManager.DataAccess", "EtlManager.DataAccess\EtlManager.DataAccess.csproj", "{9A95C606-26A8-4818-83EA-AF8ABAAD0CD7}"
EndProject
Project("{9A19103F-16F7-4668-BE54-9A1E7A4F7556}") = "EtlManager.Executor.ConsoleApp.Test", "EtlManager.Executor.Test\EtlManager.Executor.ConsoleApp.Test.csproj", "{CF7ABD9D-A36E-4DEE-96D4-E0D627AA0D69}"
EndProject
Project("{9A19103F-16F7-4668-BE54-9A1E7A4F7556}") = "EtlManager.Scheduler.Service.Test", "EtlManager.Scheduler.Test\EtlManager.Scheduler.Service.Test.csproj", "{F76E6365-1E1A-456B-9AAE-35325BA1FE33}"
EndProject
Project("{9A19103F-16F7-4668-BE54-9A1E7A4F7556}") = "EtlManager.Scheduler.Core", "EtlManager.Scheduler.Core\EtlManager.Scheduler.Core.csproj", "{549C16EB-B840-4E05-B55C-0CCE596904D3}"
EndProject
Project("{9A19103F-16F7-4668-BE54-9A1E7A4F7556}") = "EtlManager.Scheduler.WebApp", "EtlManager.Scheduler.WebApp\EtlManager.Scheduler.WebApp.csproj", "{E48ADBA2-2F7D-4458-94D7-2A7B1F24253B}"
EndProject
Project("{FAE04EC0-301F-11D3-BF4B-00C04F79EFBC}") = "EtlManager.Executor.Core", "EtlManager.Executor.Core\EtlManager.Executor.Core.csproj", "{EFBFBF8C-A49A-43CE-A2D5-16445EF58815}"
EndProject
Global
	GlobalSection(SolutionConfigurationPlatforms) = preSolution
		Debug|Any CPU = Debug|Any CPU
		Release|Any CPU = Release|Any CPU
	EndGlobalSection
	GlobalSection(ProjectConfigurationPlatforms) = postSolution
		{16FAFBFA-D820-45CD-ADC2-6CA5723D3A8D}.Debug|Any CPU.ActiveCfg = Debug|Any CPU
		{16FAFBFA-D820-45CD-ADC2-6CA5723D3A8D}.Debug|Any CPU.Build.0 = Debug|Any CPU
		{16FAFBFA-D820-45CD-ADC2-6CA5723D3A8D}.Release|Any CPU.ActiveCfg = Release|Any CPU
		{16FAFBFA-D820-45CD-ADC2-6CA5723D3A8D}.Release|Any CPU.Build.0 = Release|Any CPU
		{BBEEF2AB-D4A8-4601-B1FB-34F1FDF2B526}.Debug|Any CPU.ActiveCfg = Debug|Any CPU
		{BBEEF2AB-D4A8-4601-B1FB-34F1FDF2B526}.Debug|Any CPU.Build.0 = Debug|Any CPU
		{BBEEF2AB-D4A8-4601-B1FB-34F1FDF2B526}.Debug|Any CPU.Deploy.0 = Debug|Any CPU
		{BBEEF2AB-D4A8-4601-B1FB-34F1FDF2B526}.Release|Any CPU.ActiveCfg = Release|Any CPU
		{BBEEF2AB-D4A8-4601-B1FB-34F1FDF2B526}.Release|Any CPU.Build.0 = Release|Any CPU
		{BBEEF2AB-D4A8-4601-B1FB-34F1FDF2B526}.Release|Any CPU.Deploy.0 = Release|Any CPU
		{FAFD2F30-269B-4126-B4AF-D21A644B7F4F}.Debug|Any CPU.ActiveCfg = Debug|Any CPU
		{FAFD2F30-269B-4126-B4AF-D21A644B7F4F}.Debug|Any CPU.Build.0 = Debug|Any CPU
		{FAFD2F30-269B-4126-B4AF-D21A644B7F4F}.Release|Any CPU.ActiveCfg = Release|Any CPU
		{FAFD2F30-269B-4126-B4AF-D21A644B7F4F}.Release|Any CPU.Build.0 = Release|Any CPU
		{13141E3A-9808-4021-94CC-BFEA654F40CF}.Debug|Any CPU.ActiveCfg = Debug|Any CPU
		{13141E3A-9808-4021-94CC-BFEA654F40CF}.Debug|Any CPU.Build.0 = Debug|Any CPU
		{13141E3A-9808-4021-94CC-BFEA654F40CF}.Release|Any CPU.ActiveCfg = Release|Any CPU
		{13141E3A-9808-4021-94CC-BFEA654F40CF}.Release|Any CPU.Build.0 = Release|Any CPU
		{B7372122-3775-4734-B32F-26552375F53F}.Debug|Any CPU.ActiveCfg = Debug|Any CPU
		{B7372122-3775-4734-B32F-26552375F53F}.Debug|Any CPU.Build.0 = Debug|Any CPU
		{B7372122-3775-4734-B32F-26552375F53F}.Release|Any CPU.ActiveCfg = Release|Any CPU
		{B7372122-3775-4734-B32F-26552375F53F}.Release|Any CPU.Build.0 = Release|Any CPU
		{9A95C606-26A8-4818-83EA-AF8ABAAD0CD7}.Debug|Any CPU.ActiveCfg = Debug|Any CPU
		{9A95C606-26A8-4818-83EA-AF8ABAAD0CD7}.Debug|Any CPU.Build.0 = Debug|Any CPU
		{9A95C606-26A8-4818-83EA-AF8ABAAD0CD7}.Release|Any CPU.ActiveCfg = Release|Any CPU
		{9A95C606-26A8-4818-83EA-AF8ABAAD0CD7}.Release|Any CPU.Build.0 = Release|Any CPU
		{CF7ABD9D-A36E-4DEE-96D4-E0D627AA0D69}.Debug|Any CPU.ActiveCfg = Debug|Any CPU
		{CF7ABD9D-A36E-4DEE-96D4-E0D627AA0D69}.Debug|Any CPU.Build.0 = Debug|Any CPU
		{CF7ABD9D-A36E-4DEE-96D4-E0D627AA0D69}.Release|Any CPU.ActiveCfg = Release|Any CPU
		{CF7ABD9D-A36E-4DEE-96D4-E0D627AA0D69}.Release|Any CPU.Build.0 = Release|Any CPU
		{F76E6365-1E1A-456B-9AAE-35325BA1FE33}.Debug|Any CPU.ActiveCfg = Debug|Any CPU
		{F76E6365-1E1A-456B-9AAE-35325BA1FE33}.Debug|Any CPU.Build.0 = Debug|Any CPU
		{F76E6365-1E1A-456B-9AAE-35325BA1FE33}.Release|Any CPU.ActiveCfg = Release|Any CPU
		{F76E6365-1E1A-456B-9AAE-35325BA1FE33}.Release|Any CPU.Build.0 = Release|Any CPU
		{549C16EB-B840-4E05-B55C-0CCE596904D3}.Debug|Any CPU.ActiveCfg = Debug|Any CPU
		{549C16EB-B840-4E05-B55C-0CCE596904D3}.Debug|Any CPU.Build.0 = Debug|Any CPU
		{549C16EB-B840-4E05-B55C-0CCE596904D3}.Release|Any CPU.ActiveCfg = Release|Any CPU
		{549C16EB-B840-4E05-B55C-0CCE596904D3}.Release|Any CPU.Build.0 = Release|Any CPU
		{E48ADBA2-2F7D-4458-94D7-2A7B1F24253B}.Debug|Any CPU.ActiveCfg = Debug|Any CPU
		{E48ADBA2-2F7D-4458-94D7-2A7B1F24253B}.Debug|Any CPU.Build.0 = Debug|Any CPU
		{E48ADBA2-2F7D-4458-94D7-2A7B1F24253B}.Release|Any CPU.ActiveCfg = Release|Any CPU
		{E48ADBA2-2F7D-4458-94D7-2A7B1F24253B}.Release|Any CPU.Build.0 = Release|Any CPU
		{EFBFBF8C-A49A-43CE-A2D5-16445EF58815}.Debug|Any CPU.ActiveCfg = Debug|Any CPU
		{EFBFBF8C-A49A-43CE-A2D5-16445EF58815}.Debug|Any CPU.Build.0 = Debug|Any CPU
		{EFBFBF8C-A49A-43CE-A2D5-16445EF58815}.Release|Any CPU.ActiveCfg = Release|Any CPU
		{EFBFBF8C-A49A-43CE-A2D5-16445EF58815}.Release|Any CPU.Build.0 = Release|Any CPU
	EndGlobalSection
	GlobalSection(SolutionProperties) = preSolution
		HideSolutionNode = FALSE
	EndGlobalSection
	GlobalSection(ExtensibilityGlobals) = postSolution
		SolutionGuid = {E64F23BC-F8E0-47CE-9F5F-89F8D91A5516}
	EndGlobalSection
EndGlobal
